
Microsoft Visual Studio Solution File, Format Version 12.00
# Visual Studio 15
VisualStudioVersion = 15.0.26730.12
MinimumVisualStudioVersion = 10.0.40219.1
Project("{FAE04EC0-301F-11D3-BF4B-00C04F79EFBC}") = "LanguageCompass.Android", "LanguageCompass\LanguageCompass.Android\LanguageCompass.Android.csproj", "{6BC575AF-9F7B-44BC-A206-59917511637F}"
EndProject
Project("{FAE04EC0-301F-11D3-BF4B-00C04F79EFBC}") = "LanguageCompass", "LanguageCompass\LanguageCompass\LanguageCompass.csproj", "{BF4AFAA9-379B-495E-B21E-61830E749942}"
EndProject
Project("{FAE04EC0-301F-11D3-BF4B-00C04F79EFBC}") = "LanguageCompass.UWP", "LanguageCompass\LanguageCompass.UWP\LanguageCompass.UWP.csproj", "{00A76FA6-BC0D-47B0-B6ED-25684D5C4D60}"
EndProject
Project("{FAE04EC0-301F-11D3-BF4B-00C04F79EFBC}") = "LanguageCompass.iOS", "LanguageCompass\LanguageCompass.iOS\LanguageCompass.iOS.csproj", "{A220EE6A-5273-40C6-8FA4-B30567501FAC}"
EndProject
Global
	GlobalSection(SolutionConfigurationPlatforms) = preSolution
		Ad-Hoc|Any CPU = Ad-Hoc|Any CPU
		Ad-Hoc|ARM = Ad-Hoc|ARM
		Ad-Hoc|iPhone = Ad-Hoc|iPhone
		Ad-Hoc|iPhoneSimulator = Ad-Hoc|iPhoneSimulator
		Ad-Hoc|x64 = Ad-Hoc|x64
		Ad-Hoc|x86 = Ad-Hoc|x86
		AppStore|Any CPU = AppStore|Any CPU
		AppStore|ARM = AppStore|ARM
		AppStore|iPhone = AppStore|iPhone
		AppStore|iPhoneSimulator = AppStore|iPhoneSimulator
		AppStore|x64 = AppStore|x64
		AppStore|x86 = AppStore|x86
		Debug|Any CPU = Debug|Any CPU
		Debug|ARM = Debug|ARM
		Debug|iPhone = Debug|iPhone
		Debug|iPhoneSimulator = Debug|iPhoneSimulator
		Debug|x64 = Debug|x64
		Debug|x86 = Debug|x86
		Release|Any CPU = Release|Any CPU
		Release|ARM = Release|ARM
		Release|iPhone = Release|iPhone
		Release|iPhoneSimulator = Release|iPhoneSimulator
		Release|x64 = Release|x64
		Release|x86 = Release|x86
	EndGlobalSection
	GlobalSection(ProjectConfigurationPlatforms) = postSolution
		{6BC575AF-9F7B-44BC-A206-59917511637F}.Ad-Hoc|Any CPU.ActiveCfg = Release|Any CPU
		{6BC575AF-9F7B-44BC-A206-59917511637F}.Ad-Hoc|Any CPU.Build.0 = Release|Any CPU
		{6BC575AF-9F7B-44BC-A206-59917511637F}.Ad-Hoc|Any CPU.Deploy.0 = Release|Any CPU
		{6BC575AF-9F7B-44BC-A206-59917511637F}.Ad-Hoc|ARM.ActiveCfg = Release|Any CPU
		{6BC575AF-9F7B-44BC-A206-59917511637F}.Ad-Hoc|ARM.Build.0 = Release|Any CPU
		{6BC575AF-9F7B-44BC-A206-59917511637F}.Ad-Hoc|ARM.Deploy.0 = Release|Any CPU
		{6BC575AF-9F7B-44BC-A206-59917511637F}.Ad-Hoc|iPhone.ActiveCfg = Release|Any CPU
		{6BC575AF-9F7B-44BC-A206-59917511637F}.Ad-Hoc|iPhone.Build.0 = Release|Any CPU
		{6BC575AF-9F7B-44BC-A206-59917511637F}.Ad-Hoc|iPhone.Deploy.0 = Release|Any CPU
		{6BC575AF-9F7B-44BC-A206-59917511637F}.Ad-Hoc|iPhoneSimulator.ActiveCfg = Release|Any CPU
		{6BC575AF-9F7B-44BC-A206-59917511637F}.Ad-Hoc|iPhoneSimulator.Build.0 = Release|Any CPU
		{6BC575AF-9F7B-44BC-A206-59917511637F}.Ad-Hoc|iPhoneSimulator.Deploy.0 = Release|Any CPU
		{6BC575AF-9F7B-44BC-A206-59917511637F}.Ad-Hoc|x64.ActiveCfg = Release|Any CPU
		{6BC575AF-9F7B-44BC-A206-59917511637F}.Ad-Hoc|x64.Build.0 = Release|Any CPU
		{6BC575AF-9F7B-44BC-A206-59917511637F}.Ad-Hoc|x64.Deploy.0 = Release|Any CPU
		{6BC575AF-9F7B-44BC-A206-59917511637F}.Ad-Hoc|x86.ActiveCfg = Release|Any CPU
		{6BC575AF-9F7B-44BC-A206-59917511637F}.Ad-Hoc|x86.Build.0 = Release|Any CPU
		{6BC575AF-9F7B-44BC-A206-59917511637F}.Ad-Hoc|x86.Deploy.0 = Release|Any CPU
		{6BC575AF-9F7B-44BC-A206-59917511637F}.AppStore|Any CPU.ActiveCfg = Release|Any CPU
		{6BC575AF-9F7B-44BC-A206-59917511637F}.AppStore|Any CPU.Build.0 = Release|Any CPU
		{6BC575AF-9F7B-44BC-A206-59917511637F}.AppStore|Any CPU.Deploy.0 = Release|Any CPU
		{6BC575AF-9F7B-44BC-A206-59917511637F}.AppStore|ARM.ActiveCfg = Release|Any CPU
		{6BC575AF-9F7B-44BC-A206-59917511637F}.AppStore|ARM.Build.0 = Release|Any CPU
		{6BC575AF-9F7B-44BC-A206-59917511637F}.AppStore|ARM.Deploy.0 = Release|Any CPU
		{6BC575AF-9F7B-44BC-A206-59917511637F}.AppStore|iPhone.ActiveCfg = Release|Any CPU
		{6BC575AF-9F7B-44BC-A206-59917511637F}.AppStore|iPhone.Build.0 = Release|Any CPU
		{6BC575AF-9F7B-44BC-A206-59917511637F}.AppStore|iPhone.Deploy.0 = Release|Any CPU
		{6BC575AF-9F7B-44BC-A206-59917511637F}.AppStore|iPhoneSimulator.ActiveCfg = Release|Any CPU
		{6BC575AF-9F7B-44BC-A206-59917511637F}.AppStore|iPhoneSimulator.Build.0 = Release|Any CPU
		{6BC575AF-9F7B-44BC-A206-59917511637F}.AppStore|iPhoneSimulator.Deploy.0 = Release|Any CPU
		{6BC575AF-9F7B-44BC-A206-59917511637F}.AppStore|x64.ActiveCfg = Release|Any CPU
		{6BC575AF-9F7B-44BC-A206-59917511637F}.AppStore|x64.Build.0 = Release|Any CPU
		{6BC575AF-9F7B-44BC-A206-59917511637F}.AppStore|x64.Deploy.0 = Release|Any CPU
		{6BC575AF-9F7B-44BC-A206-59917511637F}.AppStore|x86.ActiveCfg = Release|Any CPU
		{6BC575AF-9F7B-44BC-A206-59917511637F}.AppStore|x86.Build.0 = Release|Any CPU
		{6BC575AF-9F7B-44BC-A206-59917511637F}.AppStore|x86.Deploy.0 = Release|Any CPU
		{6BC575AF-9F7B-44BC-A206-59917511637F}.Debug|Any CPU.ActiveCfg = Debug|Any CPU
		{6BC575AF-9F7B-44BC-A206-59917511637F}.Debug|Any CPU.Build.0 = Debug|Any CPU
		{6BC575AF-9F7B-44BC-A206-59917511637F}.Debug|Any CPU.Deploy.0 = Debug|Any CPU
		{6BC575AF-9F7B-44BC-A206-59917511637F}.Debug|ARM.ActiveCfg = Debug|Any CPU
		{6BC575AF-9F7B-44BC-A206-59917511637F}.Debug|ARM.Build.0 = Debug|Any CPU
		{6BC575AF-9F7B-44BC-A206-59917511637F}.Debug|ARM.Deploy.0 = Debug|Any CPU
		{6BC575AF-9F7B-44BC-A206-59917511637F}.Debug|iPhone.ActiveCfg = Debug|Any CPU
		{6BC575AF-9F7B-44BC-A206-59917511637F}.Debug|iPhone.Build.0 = Debug|Any CPU
		{6BC575AF-9F7B-44BC-A206-59917511637F}.Debug|iPhone.Deploy.0 = Debug|Any CPU
		{6BC575AF-9F7B-44BC-A206-59917511637F}.Debug|iPhoneSimulator.ActiveCfg = Debug|Any CPU
		{6BC575AF-9F7B-44BC-A206-59917511637F}.Debug|iPhoneSimulator.Build.0 = Debug|Any CPU
		{6BC575AF-9F7B-44BC-A206-59917511637F}.Debug|iPhoneSimulator.Deploy.0 = Debug|Any CPU
		{6BC575AF-9F7B-44BC-A206-59917511637F}.Debug|x64.ActiveCfg = Debug|Any CPU
		{6BC575AF-9F7B-44BC-A206-59917511637F}.Debug|x64.Build.0 = Debug|Any CPU
		{6BC575AF-9F7B-44BC-A206-59917511637F}.Debug|x64.Deploy.0 = Debug|Any CPU
		{6BC575AF-9F7B-44BC-A206-59917511637F}.Debug|x86.ActiveCfg = Debug|Any CPU
		{6BC575AF-9F7B-44BC-A206-59917511637F}.Debug|x86.Build.0 = Debug|Any CPU
		{6BC575AF-9F7B-44BC-A206-59917511637F}.Debug|x86.Deploy.0 = Debug|Any CPU
		{6BC575AF-9F7B-44BC-A206-59917511637F}.Release|Any CPU.ActiveCfg = Release|Any CPU
		{6BC575AF-9F7B-44BC-A206-59917511637F}.Release|Any CPU.Build.0 = Release|Any CPU
		{6BC575AF-9F7B-44BC-A206-59917511637F}.Release|Any CPU.Deploy.0 = Release|Any CPU
		{6BC575AF-9F7B-44BC-A206-59917511637F}.Release|ARM.ActiveCfg = Release|Any CPU
		{6BC575AF-9F7B-44BC-A206-59917511637F}.Release|ARM.Build.0 = Release|Any CPU
		{6BC575AF-9F7B-44BC-A206-59917511637F}.Release|ARM.Deploy.0 = Release|Any CPU
		{6BC575AF-9F7B-44BC-A206-59917511637F}.Release|iPhone.ActiveCfg = Release|Any CPU
		{6BC575AF-9F7B-44BC-A206-59917511637F}.Release|iPhone.Build.0 = Release|Any CPU
		{6BC575AF-9F7B-44BC-A206-59917511637F}.Release|iPhone.Deploy.0 = Release|Any CPU
		{6BC575AF-9F7B-44BC-A206-59917511637F}.Release|iPhoneSimulator.ActiveCfg = Release|Any CPU
		{6BC575AF-9F7B-44BC-A206-59917511637F}.Release|iPhoneSimulator.Build.0 = Release|Any CPU
		{6BC575AF-9F7B-44BC-A206-59917511637F}.Release|iPhoneSimulator.Deploy.0 = Release|Any CPU
		{6BC575AF-9F7B-44BC-A206-59917511637F}.Release|x64.ActiveCfg = Release|Any CPU
		{6BC575AF-9F7B-44BC-A206-59917511637F}.Release|x64.Build.0 = Release|Any CPU
		{6BC575AF-9F7B-44BC-A206-59917511637F}.Release|x64.Deploy.0 = Release|Any CPU
		{6BC575AF-9F7B-44BC-A206-59917511637F}.Release|x86.ActiveCfg = Release|Any CPU
		{6BC575AF-9F7B-44BC-A206-59917511637F}.Release|x86.Build.0 = Release|Any CPU
		{6BC575AF-9F7B-44BC-A206-59917511637F}.Release|x86.Deploy.0 = Release|Any CPU
		{BF4AFAA9-379B-495E-B21E-61830E749942}.Ad-Hoc|Any CPU.ActiveCfg = Release|Any CPU
		{BF4AFAA9-379B-495E-B21E-61830E749942}.Ad-Hoc|Any CPU.Build.0 = Release|Any CPU
		{BF4AFAA9-379B-495E-B21E-61830E749942}.Ad-Hoc|ARM.ActiveCfg = Release|Any CPU
		{BF4AFAA9-379B-495E-B21E-61830E749942}.Ad-Hoc|ARM.Build.0 = Release|Any CPU
		{BF4AFAA9-379B-495E-B21E-61830E749942}.Ad-Hoc|iPhone.ActiveCfg = Release|Any CPU
		{BF4AFAA9-379B-495E-B21E-61830E749942}.Ad-Hoc|iPhone.Build.0 = Release|Any CPU
		{BF4AFAA9-379B-495E-B21E-61830E749942}.Ad-Hoc|iPhoneSimulator.ActiveCfg = Release|Any CPU
		{BF4AFAA9-379B-495E-B21E-61830E749942}.Ad-Hoc|iPhoneSimulator.Build.0 = Release|Any CPU
		{BF4AFAA9-379B-495E-B21E-61830E749942}.Ad-Hoc|x64.ActiveCfg = Release|Any CPU
		{BF4AFAA9-379B-495E-B21E-61830E749942}.Ad-Hoc|x64.Build.0 = Release|Any CPU
		{BF4AFAA9-379B-495E-B21E-61830E749942}.Ad-Hoc|x86.ActiveCfg = Release|Any CPU
		{BF4AFAA9-379B-495E-B21E-61830E749942}.Ad-Hoc|x86.Build.0 = Release|Any CPU
		{BF4AFAA9-379B-495E-B21E-61830E749942}.AppStore|Any CPU.ActiveCfg = Release|Any CPU
		{BF4AFAA9-379B-495E-B21E-61830E749942}.AppStore|Any CPU.Build.0 = Release|Any CPU
		{BF4AFAA9-379B-495E-B21E-61830E749942}.AppStore|ARM.ActiveCfg = Release|Any CPU
		{BF4AFAA9-379B-495E-B21E-61830E749942}.AppStore|ARM.Build.0 = Release|Any CPU
		{BF4AFAA9-379B-495E-B21E-61830E749942}.AppStore|iPhone.ActiveCfg = Release|Any CPU
		{BF4AFAA9-379B-495E-B21E-61830E749942}.AppStore|iPhone.Build.0 = Release|Any CPU
		{BF4AFAA9-379B-495E-B21E-61830E749942}.AppStore|iPhoneSimulator.ActiveCfg = Release|Any CPU
		{BF4AFAA9-379B-495E-B21E-61830E749942}.AppStore|iPhoneSimulator.Build.0 = Release|Any CPU
		{BF4AFAA9-379B-495E-B21E-61830E749942}.AppStore|x64.ActiveCfg = Release|Any CPU
		{BF4AFAA9-379B-495E-B21E-61830E749942}.AppStore|x64.Build.0 = Release|Any CPU
		{BF4AFAA9-379B-495E-B21E-61830E749942}.AppStore|x86.ActiveCfg = Release|Any CPU
		{BF4AFAA9-379B-495E-B21E-61830E749942}.AppStore|x86.Build.0 = Release|Any CPU
		{BF4AFAA9-379B-495E-B21E-61830E749942}.Debug|Any CPU.ActiveCfg = Debug|Any CPU
		{BF4AFAA9-379B-495E-B21E-61830E749942}.Debug|Any CPU.Build.0 = Debug|Any CPU
		{BF4AFAA9-379B-495E-B21E-61830E749942}.Debug|ARM.ActiveCfg = Debug|Any CPU
		{BF4AFAA9-379B-495E-B21E-61830E749942}.Debug|ARM.Build.0 = Debug|Any CPU
		{BF4AFAA9-379B-495E-B21E-61830E749942}.Debug|iPhone.ActiveCfg = Debug|Any CPU
		{BF4AFAA9-379B-495E-B21E-61830E749942}.Debug|iPhone.Build.0 = Debug|Any CPU
		{BF4AFAA9-379B-495E-B21E-61830E749942}.Debug|iPhoneSimulator.ActiveCfg = Debug|Any CPU
		{BF4AFAA9-379B-495E-B21E-61830E749942}.Debug|iPhoneSimulator.Build.0 = Debug|Any CPU
		{BF4AFAA9-379B-495E-B21E-61830E749942}.Debug|x64.ActiveCfg = Debug|Any CPU
		{BF4AFAA9-379B-495E-B21E-61830E749942}.Debug|x64.Build.0 = Debug|Any CPU
		{BF4AFAA9-379B-495E-B21E-61830E749942}.Debug|x86.ActiveCfg = Debug|Any CPU
		{BF4AFAA9-379B-495E-B21E-61830E749942}.Debug|x86.Build.0 = Debug|Any CPU
		{BF4AFAA9-379B-495E-B21E-61830E749942}.Release|Any CPU.ActiveCfg = Release|Any CPU
		{BF4AFAA9-379B-495E-B21E-61830E749942}.Release|Any CPU.Build.0 = Release|Any CPU
		{BF4AFAA9-379B-495E-B21E-61830E749942}.Release|ARM.ActiveCfg = Release|Any CPU
		{BF4AFAA9-379B-495E-B21E-61830E749942}.Release|ARM.Build.0 = Release|Any CPU
		{BF4AFAA9-379B-495E-B21E-61830E749942}.Release|iPhone.ActiveCfg = Release|Any CPU
		{BF4AFAA9-379B-495E-B21E-61830E749942}.Release|iPhone.Build.0 = Release|Any CPU
		{BF4AFAA9-379B-495E-B21E-61830E749942}.Release|iPhoneSimulator.ActiveCfg = Release|Any CPU
		{BF4AFAA9-379B-495E-B21E-61830E749942}.Release|iPhoneSimulator.Build.0 = Release|Any CPU
		{BF4AFAA9-379B-495E-B21E-61830E749942}.Release|x64.ActiveCfg = Release|Any CPU
		{BF4AFAA9-379B-495E-B21E-61830E749942}.Release|x64.Build.0 = Release|Any CPU
		{BF4AFAA9-379B-495E-B21E-61830E749942}.Release|x86.ActiveCfg = Release|Any CPU
		{BF4AFAA9-379B-495E-B21E-61830E749942}.Release|x86.Build.0 = Release|Any CPU
		{00A76FA6-BC0D-47B0-B6ED-25684D5C4D60}.Ad-Hoc|Any CPU.ActiveCfg = Release|x86
		{00A76FA6-BC0D-47B0-B6ED-25684D5C4D60}.Ad-Hoc|Any CPU.Build.0 = Release|x86
		{00A76FA6-BC0D-47B0-B6ED-25684D5C4D60}.Ad-Hoc|Any CPU.Deploy.0 = Release|x86
		{00A76FA6-BC0D-47B0-B6ED-25684D5C4D60}.Ad-Hoc|ARM.ActiveCfg = Release|ARM
		{00A76FA6-BC0D-47B0-B6ED-25684D5C4D60}.Ad-Hoc|ARM.Build.0 = Release|ARM
		{00A76FA6-BC0D-47B0-B6ED-25684D5C4D60}.Ad-Hoc|ARM.Deploy.0 = Release|ARM
		{00A76FA6-BC0D-47B0-B6ED-25684D5C4D60}.Ad-Hoc|iPhone.ActiveCfg = Release|x86
		{00A76FA6-BC0D-47B0-B6ED-25684D5C4D60}.Ad-Hoc|iPhone.Build.0 = Release|x86
		{00A76FA6-BC0D-47B0-B6ED-25684D5C4D60}.Ad-Hoc|iPhone.Deploy.0 = Release|x86
		{00A76FA6-BC0D-47B0-B6ED-25684D5C4D60}.Ad-Hoc|iPhoneSimulator.ActiveCfg = Release|x86
		{00A76FA6-BC0D-47B0-B6ED-25684D5C4D60}.Ad-Hoc|iPhoneSimulator.Build.0 = Release|x86
		{00A76FA6-BC0D-47B0-B6ED-25684D5C4D60}.Ad-Hoc|iPhoneSimulator.Deploy.0 = Release|x86
		{00A76FA6-BC0D-47B0-B6ED-25684D5C4D60}.Ad-Hoc|x64.ActiveCfg = Release|x64
		{00A76FA6-BC0D-47B0-B6ED-25684D5C4D60}.Ad-Hoc|x64.Build.0 = Release|x64
		{00A76FA6-BC0D-47B0-B6ED-25684D5C4D60}.Ad-Hoc|x64.Deploy.0 = Release|x64
		{00A76FA6-BC0D-47B0-B6ED-25684D5C4D60}.Ad-Hoc|x86.ActiveCfg = Release|x86
		{00A76FA6-BC0D-47B0-B6ED-25684D5C4D60}.Ad-Hoc|x86.Build.0 = Release|x86
		{00A76FA6-BC0D-47B0-B6ED-25684D5C4D60}.Ad-Hoc|x86.Deploy.0 = Release|x86
		{00A76FA6-BC0D-47B0-B6ED-25684D5C4D60}.AppStore|Any CPU.ActiveCfg = Release|x86
		{00A76FA6-BC0D-47B0-B6ED-25684D5C4D60}.AppStore|Any CPU.Build.0 = Release|x86
		{00A76FA6-BC0D-47B0-B6ED-25684D5C4D60}.AppStore|Any CPU.Deploy.0 = Release|x86
		{00A76FA6-BC0D-47B0-B6ED-25684D5C4D60}.AppStore|ARM.ActiveCfg = Release|ARM
		{00A76FA6-BC0D-47B0-B6ED-25684D5C4D60}.AppStore|ARM.Build.0 = Release|ARM
		{00A76FA6-BC0D-47B0-B6ED-25684D5C4D60}.AppStore|ARM.Deploy.0 = Release|ARM
		{00A76FA6-BC0D-47B0-B6ED-25684D5C4D60}.AppStore|iPhone.ActiveCfg = Release|x86
		{00A76FA6-BC0D-47B0-B6ED-25684D5C4D60}.AppStore|iPhone.Build.0 = Release|x86
		{00A76FA6-BC0D-47B0-B6ED-25684D5C4D60}.AppStore|iPhone.Deploy.0 = Release|x86
		{00A76FA6-BC0D-47B0-B6ED-25684D5C4D60}.AppStore|iPhoneSimulator.ActiveCfg = Release|x86
		{00A76FA6-BC0D-47B0-B6ED-25684D5C4D60}.AppStore|iPhoneSimulator.Build.0 = Release|x86
		{00A76FA6-BC0D-47B0-B6ED-25684D5C4D60}.AppStore|iPhoneSimulator.Deploy.0 = Release|x86
		{00A76FA6-BC0D-47B0-B6ED-25684D5C4D60}.AppStore|x64.ActiveCfg = Release|x64
		{00A76FA6-BC0D-47B0-B6ED-25684D5C4D60}.AppStore|x64.Build.0 = Release|x64
		{00A76FA6-BC0D-47B0-B6ED-25684D5C4D60}.AppStore|x64.Deploy.0 = Release|x64
		{00A76FA6-BC0D-47B0-B6ED-25684D5C4D60}.AppStore|x86.ActiveCfg = Release|x86
		{00A76FA6-BC0D-47B0-B6ED-25684D5C4D60}.AppStore|x86.Build.0 = Release|x86
		{00A76FA6-BC0D-47B0-B6ED-25684D5C4D60}.AppStore|x86.Deploy.0 = Release|x86
		{00A76FA6-BC0D-47B0-B6ED-25684D5C4D60}.Debug|Any CPU.ActiveCfg = Debug|x86
		{00A76FA6-BC0D-47B0-B6ED-25684D5C4D60}.Debug|ARM.ActiveCfg = Debug|ARM
		{00A76FA6-BC0D-47B0-B6ED-25684D5C4D60}.Debug|ARM.Build.0 = Debug|ARM
		{00A76FA6-BC0D-47B0-B6ED-25684D5C4D60}.Debug|ARM.Deploy.0 = Debug|ARM
		{00A76FA6-BC0D-47B0-B6ED-25684D5C4D60}.Debug|iPhone.ActiveCfg = Debug|x86
		{00A76FA6-BC0D-47B0-B6ED-25684D5C4D60}.Debug|iPhoneSimulator.ActiveCfg = Debug|x86
		{00A76FA6-BC0D-47B0-B6ED-25684D5C4D60}.Debug|x64.ActiveCfg = Debug|x64
		{00A76FA6-BC0D-47B0-B6ED-25684D5C4D60}.Debug|x64.Build.0 = Debug|x64
		{00A76FA6-BC0D-47B0-B6ED-25684D5C4D60}.Debug|x64.Deploy.0 = Debug|x64
		{00A76FA6-BC0D-47B0-B6ED-25684D5C4D60}.Debug|x86.ActiveCfg = Debug|x86
		{00A76FA6-BC0D-47B0-B6ED-25684D5C4D60}.Debug|x86.Build.0 = Debug|x86
		{00A76FA6-BC0D-47B0-B6ED-25684D5C4D60}.Debug|x86.Deploy.0 = Debug|x86
		{00A76FA6-BC0D-47B0-B6ED-25684D5C4D60}.Release|Any CPU.ActiveCfg = Release|x86
		{00A76FA6-BC0D-47B0-B6ED-25684D5C4D60}.Release|ARM.ActiveCfg = Release|ARM
		{00A76FA6-BC0D-47B0-B6ED-25684D5C4D60}.Release|ARM.Build.0 = Release|ARM
		{00A76FA6-BC0D-47B0-B6ED-25684D5C4D60}.Release|ARM.Deploy.0 = Release|ARM
		{00A76FA6-BC0D-47B0-B6ED-25684D5C4D60}.Release|iPhone.ActiveCfg = Release|x86
		{00A76FA6-BC0D-47B0-B6ED-25684D5C4D60}.Release|iPhoneSimulator.ActiveCfg = Release|x86
		{00A76FA6-BC0D-47B0-B6ED-25684D5C4D60}.Release|x64.ActiveCfg = Release|x64
		{00A76FA6-BC0D-47B0-B6ED-25684D5C4D60}.Release|x64.Build.0 = Release|x64
		{00A76FA6-BC0D-47B0-B6ED-25684D5C4D60}.Release|x64.Deploy.0 = Release|x64
		{00A76FA6-BC0D-47B0-B6ED-25684D5C4D60}.Release|x86.ActiveCfg = Release|x86
		{00A76FA6-BC0D-47B0-B6ED-25684D5C4D60}.Release|x86.Build.0 = Release|x86
		{00A76FA6-BC0D-47B0-B6ED-25684D5C4D60}.Release|x86.Deploy.0 = Release|x86
		{A220EE6A-5273-40C6-8FA4-B30567501FAC}.Ad-Hoc|Any CPU.ActiveCfg = Ad-Hoc|iPhone
		{A220EE6A-5273-40C6-8FA4-B30567501FAC}.Ad-Hoc|ARM.ActiveCfg = Ad-Hoc|iPhone
		{A220EE6A-5273-40C6-8FA4-B30567501FAC}.Ad-Hoc|iPhone.ActiveCfg = Ad-Hoc|iPhone
		{A220EE6A-5273-40C6-8FA4-B30567501FAC}.Ad-Hoc|iPhone.Build.0 = Ad-Hoc|iPhone
		{A220EE6A-5273-40C6-8FA4-B30567501FAC}.Ad-Hoc|iPhoneSimulator.ActiveCfg = Ad-Hoc|iPhoneSimulator
		{A220EE6A-5273-40C6-8FA4-B30567501FAC}.Ad-Hoc|iPhoneSimulator.Build.0 = Ad-Hoc|iPhoneSimulator
		{A220EE6A-5273-40C6-8FA4-B30567501FAC}.Ad-Hoc|x64.ActiveCfg = Ad-Hoc|iPhone
		{A220EE6A-5273-40C6-8FA4-B30567501FAC}.Ad-Hoc|x86.ActiveCfg = Ad-Hoc|iPhone
		{A220EE6A-5273-40C6-8FA4-B30567501FAC}.AppStore|Any CPU.ActiveCfg = AppStore|iPhone
		{A220EE6A-5273-40C6-8FA4-B30567501FAC}.AppStore|ARM.ActiveCfg = AppStore|iPhone
		{A220EE6A-5273-40C6-8FA4-B30567501FAC}.AppStore|iPhone.ActiveCfg = AppStore|iPhone
		{A220EE6A-5273-40C6-8FA4-B30567501FAC}.AppStore|iPhone.Build.0 = AppStore|iPhone
		{A220EE6A-5273-40C6-8FA4-B30567501FAC}.AppStore|iPhoneSimulator.ActiveCfg = AppStore|iPhoneSimulator
		{A220EE6A-5273-40C6-8FA4-B30567501FAC}.AppStore|iPhoneSimulator.Build.0 = AppStore|iPhoneSimulator
		{A220EE6A-5273-40C6-8FA4-B30567501FAC}.AppStore|x64.ActiveCfg = AppStore|iPhone
		{A220EE6A-5273-40C6-8FA4-B30567501FAC}.AppStore|x86.ActiveCfg = AppStore|iPhone
		{A220EE6A-5273-40C6-8FA4-B30567501FAC}.Debug|Any CPU.ActiveCfg = Debug|iPhone
		{A220EE6A-5273-40C6-8FA4-B30567501FAC}.Debug|ARM.ActiveCfg = Debug|iPhone
		{A220EE6A-5273-40C6-8FA4-B30567501FAC}.Debug|iPhone.ActiveCfg = Debug|iPhone
		{A220EE6A-5273-40C6-8FA4-B30567501FAC}.Debug|iPhone.Build.0 = Debug|iPhone
		{A220EE6A-5273-40C6-8FA4-B30567501FAC}.Debug|iPhoneSimulator.ActiveCfg = Debug|iPhoneSimulator
		{A220EE6A-5273-40C6-8FA4-B30567501FAC}.Debug|iPhoneSimulator.Build.0 = Debug|iPhoneSimulator
		{A220EE6A-5273-40C6-8FA4-B30567501FAC}.Debug|x64.ActiveCfg = Debug|iPhone
		{A220EE6A-5273-40C6-8FA4-B30567501FAC}.Debug|x86.ActiveCfg = Debug|iPhone
		{A220EE6A-5273-40C6-8FA4-B30567501FAC}.Release|Any CPU.ActiveCfg = Release|iPhone
		{A220EE6A-5273-40C6-8FA4-B30567501FAC}.Release|ARM.ActiveCfg = Release|iPhone
		{A220EE6A-5273-40C6-8FA4-B30567501FAC}.Release|iPhone.ActiveCfg = Release|iPhone
		{A220EE6A-5273-40C6-8FA4-B30567501FAC}.Release|iPhone.Build.0 = Release|iPhone
		{A220EE6A-5273-40C6-8FA4-B30567501FAC}.Release|iPhoneSimulator.ActiveCfg = Release|iPhoneSimulator
		{A220EE6A-5273-40C6-8FA4-B30567501FAC}.Release|iPhoneSimulator.Build.0 = Release|iPhoneSimulator
		{A220EE6A-5273-40C6-8FA4-B30567501FAC}.Release|x64.ActiveCfg = Release|iPhone
		{A220EE6A-5273-40C6-8FA4-B30567501FAC}.Release|x86.ActiveCfg = Release|iPhone
	EndGlobalSection
	GlobalSection(SolutionProperties) = preSolution
		HideSolutionNode = FALSE
	EndGlobalSection
	GlobalSection(ExtensibilityGlobals) = postSolution
		SolutionGuid = {FC99EC7C-FFE0-450A-966B-D9F5305DC486}
	EndGlobalSection
EndGlobal
